
Microsoft Visual Studio Solution File, Format Version 12.00
# Visual Studio Version 17
VisualStudioVersion = 17.4.33110.190
MinimumVisualStudioVersion = 10.0.40219.1
Project("{9A19103F-16F7-4668-BE54-9A1E7A4F7556}") = "BankRun", "BankRun\BankRun.csproj", "{38551670-724E-4FF1-9A80-391E0CAAFA19}"
EndProject
Project("{FAE04EC0-301F-11D3-BF4B-00C04F79EFBC}") = "UsingDemo", "UsingDemo\UsingDemo.csproj", "{31876DE1-778E-498D-885D-63339C570595}"
EndProject
Global
	GlobalSection(SolutionConfigurationPlatforms) = preSolution
		Debug|Any CPU = Debug|Any CPU
		Release|Any CPU = Release|Any CPU
	EndGlobalSection
	GlobalSection(ProjectConfigurationPlatforms) = postSolution
		{38551670-724E-4FF1-9A80-391E0CAAFA19}.Debug|Any CPU.ActiveCfg = Debug|Any CPU
		{38551670-724E-4FF1-9A80-391E0CAAFA19}.Debug|Any CPU.Build.0 = Debug|Any CPU
		{38551670-724E-4FF1-9A80-391E0CAAFA19}.Release|Any CPU.ActiveCfg = Release|Any CPU
		{38551670-724E-4FF1-9A80-391E0CAAFA19}.Release|Any CPU.Build.0 = Release|Any CPU
		{31876DE1-778E-498D-885D-63339C570595}.Debug|Any CPU.ActiveCfg = Debug|Any CPU
		{31876DE1-778E-498D-885D-63339C570595}.Debug|Any CPU.Build.0 = Debug|Any CPU
		{31876DE1-778E-498D-885D-63339C570595}.Release|Any CPU.ActiveCfg = Release|Any CPU
		{31876DE1-778E-498D-885D-63339C570595}.Release|Any CPU.Build.0 = Release|Any CPU
	EndGlobalSection
	GlobalSection(SolutionProperties) = preSolution
		HideSolutionNode = FALSE
	EndGlobalSection
	GlobalSection(ExtensibilityGlobals) = postSolution
		SolutionGuid = {54972AC4-E540-4E28-B08F-D1588DB0D01F}
	EndGlobalSection
EndGlobal
