
Microsoft Visual Studio Solution File, Format Version 12.00
# Visual Studio Version 17
VisualStudioVersion = 17.4.33110.190
MinimumVisualStudioVersion = 10.0.40219.1
Project("{9A19103F-16F7-4668-BE54-9A1E7A4F7556}") = "Tema 1", "Tema 1\Tema 1.csproj", "{F6AA0F56-1D14-474B-B5FB-7C310B4A3E22}"
EndProject
Project("{9A19103F-16F7-4668-BE54-9A1E7A4F7556}") = "OOP2", "OOP2\OOP2.csproj", "{663380D0-BBD8-48FD-9870-F4D9BF567333}"
EndProject
Project("{9A19103F-16F7-4668-BE54-9A1E7A4F7556}") = "VetClinic", "VetClinic\VetClinic.csproj", "{36884138-E6A7-43EB-A8D7-A209DD7E2B58}"
EndProject
Project("{9A19103F-16F7-4668-BE54-9A1E7A4F7556}") = "StaticThingsDemo", "StaticThingsDemo\StaticThingsDemo.csproj", "{009C62C6-CC10-4CB9-85CB-8F4834A480BA}"
EndProject
Project("{9A19103F-16F7-4668-BE54-9A1E7A4F7556}") = "StaticAndNonStaticDemo", "StaticAndNonStaticDemo\StaticAndNonStaticDemo.csproj", "{9F82D2E3-9C55-4C12-8C9C-B92DBFA9E905}"
EndProject
Project("{9A19103F-16F7-4668-BE54-9A1E7A4F7556}") = "StackHeapDemo", "StackHeapDemo\StackHeapDemo.csproj", "{9E3F3113-FA95-46B0-86FF-067F31D98620}"
EndProject
Project("{9A19103F-16F7-4668-BE54-9A1E7A4F7556}") = "MethodChangingCollectionExample", "MethodChangingCollectionExample\MethodChangingCollectionExample.csproj", "{73FD9606-D0E1-41A0-B0D9-C20A80C8D680}"
EndProject
Project("{9A19103F-16F7-4668-BE54-9A1E7A4F7556}") = "ReferenceTypesObjectsDemo", "ReferenceTypesObjectsDemo\ReferenceTypesObjectsDemo.csproj", "{A1E3D0AF-02E1-482A-85CB-52438513E769}"
EndProject
Project("{9A19103F-16F7-4668-BE54-9A1E7A4F7556}") = "Enumerations", "Enumerations\Enumerations.csproj", "{2C403FAE-1567-4F33-AFF2-B19EDA2EDEA9}"
EndProject
Project("{9A19103F-16F7-4668-BE54-9A1E7A4F7556}") = "Enum_Simple_Example", "Enum_Simple_Example\Enum_Simple_Example.csproj", "{465BD2E2-4038-473E-8ACB-3CC8F649DCD8}"
EndProject
Project("{9A19103F-16F7-4668-BE54-9A1E7A4F7556}") = "AutoServiceDiscountManager", "AutoServiceDiscountManager\AutoServiceDiscountManager.csproj", "{77AE0BE7-E625-49DA-8B4A-7B11F810460A}"
EndProject
Project("{9A19103F-16F7-4668-BE54-9A1E7A4F7556}") = "MethodsAndConstructors", "MethodsAndConstructors\MethodsAndConstructors.csproj", "{708B4665-D071-4D5E-83EA-EA0228F2D1E3}"
EndProject
Project("{FAE04EC0-301F-11D3-BF4B-00C04F79EFBC}") = "ConstructorsChaining", "ConstructorsChaining\ConstructorsChaining.csproj", "{ECA339C1-02D4-4F0C-9BA1-45148481B0AA}"
EndProject
Global
	GlobalSection(SolutionConfigurationPlatforms) = preSolution
		Debug|Any CPU = Debug|Any CPU
		Release|Any CPU = Release|Any CPU
	EndGlobalSection
	GlobalSection(ProjectConfigurationPlatforms) = postSolution
		{F6AA0F56-1D14-474B-B5FB-7C310B4A3E22}.Debug|Any CPU.ActiveCfg = Debug|Any CPU
		{F6AA0F56-1D14-474B-B5FB-7C310B4A3E22}.Debug|Any CPU.Build.0 = Debug|Any CPU
		{F6AA0F56-1D14-474B-B5FB-7C310B4A3E22}.Release|Any CPU.ActiveCfg = Release|Any CPU
		{F6AA0F56-1D14-474B-B5FB-7C310B4A3E22}.Release|Any CPU.Build.0 = Release|Any CPU
		{663380D0-BBD8-48FD-9870-F4D9BF567333}.Debug|Any CPU.ActiveCfg = Debug|Any CPU
		{663380D0-BBD8-48FD-9870-F4D9BF567333}.Debug|Any CPU.Build.0 = Debug|Any CPU
		{663380D0-BBD8-48FD-9870-F4D9BF567333}.Release|Any CPU.ActiveCfg = Release|Any CPU
		{663380D0-BBD8-48FD-9870-F4D9BF567333}.Release|Any CPU.Build.0 = Release|Any CPU
		{36884138-E6A7-43EB-A8D7-A209DD7E2B58}.Debug|Any CPU.ActiveCfg = Debug|Any CPU
		{36884138-E6A7-43EB-A8D7-A209DD7E2B58}.Debug|Any CPU.Build.0 = Debug|Any CPU
		{36884138-E6A7-43EB-A8D7-A209DD7E2B58}.Release|Any CPU.ActiveCfg = Release|Any CPU
		{36884138-E6A7-43EB-A8D7-A209DD7E2B58}.Release|Any CPU.Build.0 = Release|Any CPU
		{009C62C6-CC10-4CB9-85CB-8F4834A480BA}.Debug|Any CPU.ActiveCfg = Debug|Any CPU
		{009C62C6-CC10-4CB9-85CB-8F4834A480BA}.Debug|Any CPU.Build.0 = Debug|Any CPU
		{009C62C6-CC10-4CB9-85CB-8F4834A480BA}.Release|Any CPU.ActiveCfg = Release|Any CPU
		{009C62C6-CC10-4CB9-85CB-8F4834A480BA}.Release|Any CPU.Build.0 = Release|Any CPU
		{9F82D2E3-9C55-4C12-8C9C-B92DBFA9E905}.Debug|Any CPU.ActiveCfg = Debug|Any CPU
		{9F82D2E3-9C55-4C12-8C9C-B92DBFA9E905}.Debug|Any CPU.Build.0 = Debug|Any CPU
		{9F82D2E3-9C55-4C12-8C9C-B92DBFA9E905}.Release|Any CPU.ActiveCfg = Release|Any CPU
		{9F82D2E3-9C55-4C12-8C9C-B92DBFA9E905}.Release|Any CPU.Build.0 = Release|Any CPU
		{9E3F3113-FA95-46B0-86FF-067F31D98620}.Debug|Any CPU.ActiveCfg = Debug|Any CPU
		{9E3F3113-FA95-46B0-86FF-067F31D98620}.Debug|Any CPU.Build.0 = Debug|Any CPU
		{9E3F3113-FA95-46B0-86FF-067F31D98620}.Release|Any CPU.ActiveCfg = Release|Any CPU
		{9E3F3113-FA95-46B0-86FF-067F31D98620}.Release|Any CPU.Build.0 = Release|Any CPU
		{73FD9606-D0E1-41A0-B0D9-C20A80C8D680}.Debug|Any CPU.ActiveCfg = Debug|Any CPU
		{73FD9606-D0E1-41A0-B0D9-C20A80C8D680}.Debug|Any CPU.Build.0 = Debug|Any CPU
		{73FD9606-D0E1-41A0-B0D9-C20A80C8D680}.Release|Any CPU.ActiveCfg = Release|Any CPU
		{73FD9606-D0E1-41A0-B0D9-C20A80C8D680}.Release|Any CPU.Build.0 = Release|Any CPU
		{A1E3D0AF-02E1-482A-85CB-52438513E769}.Debug|Any CPU.ActiveCfg = Debug|Any CPU
		{A1E3D0AF-02E1-482A-85CB-52438513E769}.Debug|Any CPU.Build.0 = Debug|Any CPU
		{A1E3D0AF-02E1-482A-85CB-52438513E769}.Release|Any CPU.ActiveCfg = Release|Any CPU
		{A1E3D0AF-02E1-482A-85CB-52438513E769}.Release|Any CPU.Build.0 = Release|Any CPU
		{2C403FAE-1567-4F33-AFF2-B19EDA2EDEA9}.Debug|Any CPU.ActiveCfg = Debug|Any CPU
		{2C403FAE-1567-4F33-AFF2-B19EDA2EDEA9}.Debug|Any CPU.Build.0 = Debug|Any CPU
		{2C403FAE-1567-4F33-AFF2-B19EDA2EDEA9}.Release|Any CPU.ActiveCfg = Release|Any CPU
		{2C403FAE-1567-4F33-AFF2-B19EDA2EDEA9}.Release|Any CPU.Build.0 = Release|Any CPU
		{465BD2E2-4038-473E-8ACB-3CC8F649DCD8}.Debug|Any CPU.ActiveCfg = Debug|Any CPU
		{465BD2E2-4038-473E-8ACB-3CC8F649DCD8}.Debug|Any CPU.Build.0 = Debug|Any CPU
		{465BD2E2-4038-473E-8ACB-3CC8F649DCD8}.Release|Any CPU.ActiveCfg = Release|Any CPU
		{465BD2E2-4038-473E-8ACB-3CC8F649DCD8}.Release|Any CPU.Build.0 = Release|Any CPU
		{77AE0BE7-E625-49DA-8B4A-7B11F810460A}.Debug|Any CPU.ActiveCfg = Debug|Any CPU
		{77AE0BE7-E625-49DA-8B4A-7B11F810460A}.Debug|Any CPU.Build.0 = Debug|Any CPU
		{77AE0BE7-E625-49DA-8B4A-7B11F810460A}.Release|Any CPU.ActiveCfg = Release|Any CPU
		{77AE0BE7-E625-49DA-8B4A-7B11F810460A}.Release|Any CPU.Build.0 = Release|Any CPU
		{708B4665-D071-4D5E-83EA-EA0228F2D1E3}.Debug|Any CPU.ActiveCfg = Debug|Any CPU
		{708B4665-D071-4D5E-83EA-EA0228F2D1E3}.Debug|Any CPU.Build.0 = Debug|Any CPU
		{708B4665-D071-4D5E-83EA-EA0228F2D1E3}.Release|Any CPU.ActiveCfg = Release|Any CPU
		{708B4665-D071-4D5E-83EA-EA0228F2D1E3}.Release|Any CPU.Build.0 = Release|Any CPU
		{ECA339C1-02D4-4F0C-9BA1-45148481B0AA}.Debug|Any CPU.ActiveCfg = Debug|Any CPU
		{ECA339C1-02D4-4F0C-9BA1-45148481B0AA}.Debug|Any CPU.Build.0 = Debug|Any CPU
		{ECA339C1-02D4-4F0C-9BA1-45148481B0AA}.Release|Any CPU.ActiveCfg = Release|Any CPU
		{ECA339C1-02D4-4F0C-9BA1-45148481B0AA}.Release|Any CPU.Build.0 = Release|Any CPU
	EndGlobalSection
	GlobalSection(SolutionProperties) = preSolution
		HideSolutionNode = FALSE
	EndGlobalSection
	GlobalSection(ExtensibilityGlobals) = postSolution
		SolutionGuid = {4602AC89-37F2-4EBF-83B2-2F718F532670}
	EndGlobalSection
EndGlobal
