
Microsoft Visual Studio Solution File, Format Version 12.00
# Visual Studio Version 17
VisualStudioVersion = 17.4.33110.190
MinimumVisualStudioVersion = 10.0.40219.1
Project("{FAE04EC0-301F-11D3-BF4B-00C04F79EFBC}") = "Tema 1", "Tema 1\Tema 1.csproj", "{F6AA0F56-1D14-474B-B5FB-7C310B4A3E22}"
EndProject
Global
	GlobalSection(SolutionConfigurationPlatforms) = preSolution
		Debug|Any CPU = Debug|Any CPU
		Release|Any CPU = Release|Any CPU
	EndGlobalSection
	GlobalSection(ProjectConfigurationPlatforms) = postSolution
		{F6AA0F56-1D14-474B-B5FB-7C310B4A3E22}.Debug|Any CPU.ActiveCfg = Debug|Any CPU
		{F6AA0F56-1D14-474B-B5FB-7C310B4A3E22}.Debug|Any CPU.Build.0 = Debug|Any CPU
		{F6AA0F56-1D14-474B-B5FB-7C310B4A3E22}.Release|Any CPU.ActiveCfg = Release|Any CPU
		{F6AA0F56-1D14-474B-B5FB-7C310B4A3E22}.Release|Any CPU.Build.0 = Release|Any CPU
	EndGlobalSection
	GlobalSection(SolutionProperties) = preSolution
		HideSolutionNode = FALSE
	EndGlobalSection
	GlobalSection(ExtensibilityGlobals) = postSolution
		SolutionGuid = {4602AC89-37F2-4EBF-83B2-2F718F532670}
	EndGlobalSection
EndGlobal
